
Microsoft Visual Studio Solution File, Format Version 12.00
# Visual Studio Version 17
VisualStudioVersion = 17.7.34024.191
MinimumVisualStudioVersion = 10.0.40219.1
Project("{FAE04EC0-301F-11D3-BF4B-00C04F79EFBC}") = "FilmesAPI", "FilmesAPI\FilmesAPI.csproj", "{51468EEF-8868-4F3C-A954-4683006E08FD}"
EndProject
Global
	GlobalSection(SolutionConfigurationPlatforms) = preSolution
		Debug|Any CPU = Debug|Any CPU
		Release|Any CPU = Release|Any CPU
	EndGlobalSection
	GlobalSection(ProjectConfigurationPlatforms) = postSolution
		{51468EEF-8868-4F3C-A954-4683006E08FD}.Debug|Any CPU.ActiveCfg = Debug|Any CPU
		{51468EEF-8868-4F3C-A954-4683006E08FD}.Debug|Any CPU.Build.0 = Debug|Any CPU
		{51468EEF-8868-4F3C-A954-4683006E08FD}.Release|Any CPU.ActiveCfg = Release|Any CPU
		{51468EEF-8868-4F3C-A954-4683006E08FD}.Release|Any CPU.Build.0 = Release|Any CPU
	EndGlobalSection
	GlobalSection(SolutionProperties) = preSolution
		HideSolutionNode = FALSE
	EndGlobalSection
	GlobalSection(ExtensibilityGlobals) = postSolution
		SolutionGuid = {A36D2B60-7AF6-4F55-A3CC-09F06A11750F}
	EndGlobalSection
EndGlobal
